// !$*UTF8*$!
{
	archiveVersion = 1;
	classes = {
	};
	objectVersion = 46;
	objects = {

/* Begin PBXBuildFile section */
		DAC2EA54148416BD00249905 /* UIKit.framework in Frameworks */ = {isa = PBXBuildFile; fileRef = DAC2EA53148416BD00249905 /* UIKit.framework */; };
		DAC2EA56148416BD00249905 /* Foundation.framework in Frameworks */ = {isa = PBXBuildFile; fileRef = DAC2EA55148416BD00249905 /* Foundation.framework */; };
		DAC2EA58148416BD00249905 /* CoreGraphics.framework in Frameworks */ = {isa = PBXBuildFile; fileRef = DAC2EA57148416BD00249905 /* CoreGraphics.framework */; };
		DAC2EA5E148416BD00249905 /* InfoPlist.strings in Resources */ = {isa = PBXBuildFile; fileRef = DAC2EA5C148416BD00249905 /* InfoPlist.strings */; };
		DAC2EA60148416BD00249905 /* main.m in Sources */ = {isa = PBXBuildFile; fileRef = DAC2EA5F148416BD00249905 /* main.m */; };
		DAC2EA64148416BD00249905 /* IVAAppDelegate.m in Sources */ = {isa = PBXBuildFile; fileRef = DAC2EA63148416BD00249905 /* IVAAppDelegate.m */; };
		DAC2EA67148416BD00249905 /* MainStoryboard.storyboard in Resources */ = {isa = PBXBuildFile; fileRef = DAC2EA65148416BD00249905 /* MainStoryboard.storyboard */; };
		DAC2EA6A148416BD00249905 /* IVAViewController.m in Sources */ = {isa = PBXBuildFile; fileRef = DAC2EA69148416BD00249905 /* IVAViewController.m */; };
		DAC2EA72148416BD00249905 /* SenTestingKit.framework in Frameworks */ = {isa = PBXBuildFile; fileRef = DAC2EA71148416BD00249905 /* SenTestingKit.framework */; };
		DAC2EA73148416BD00249905 /* UIKit.framework in Frameworks */ = {isa = PBXBuildFile; fileRef = DAC2EA53148416BD00249905 /* UIKit.framework */; };
		DAC2EA74148416BD00249905 /* Foundation.framework in Frameworks */ = {isa = PBXBuildFile; fileRef = DAC2EA55148416BD00249905 /* Foundation.framework */; };
		DAC2EA7C148416BD00249905 /* InfoPlist.strings in Resources */ = {isa = PBXBuildFile; fileRef = DAC2EA7A148416BD00249905 /* InfoPlist.strings */; };
		DAC2EA7F148416BD00249905 /* IndoorNavigationAndAdvertisingTests.m in Sources */ = {isa = PBXBuildFile; fileRef = DAC2EA7E148416BD00249905 /* IndoorNavigationAndAdvertisingTests.m */; };
/* End PBXBuildFile section */

/* Begin PBXContainerItemProxy section */
		DAC2EA75148416BD00249905 /* PBXContainerItemProxy */ = {
			isa = PBXContainerItemProxy;
			containerPortal = DAC2EA46148416BD00249905 /* Project object */;
			proxyType = 1;
			remoteGlobalIDString = DAC2EA4E148416BD00249905;
			remoteInfo = IndoorNavigationAndAdvertising;
		};
/* End PBXContainerItemProxy section */

/* Begin PBXFileReference section */
		DAC2EA4F148416BD00249905 /* IndoorNavigationAndAdvertising.app */ = {isa = PBXFileReference; explicitFileType = wrapper.application; includeInIndex = 0; path = IndoorNavigationAndAdvertising.app; sourceTree = BUILT_PRODUCTS_DIR; };
		DAC2EA53148416BD00249905 /* UIKit.framework */ = {isa = PBXFileReference; lastKnownFileType = wrapper.framework; name = UIKit.framework; path = System/Library/Frameworks/UIKit.framework; sourceTree = SDKROOT; };
		DAC2EA55148416BD00249905 /* Foundation.framework */ = {isa = PBXFileReference; lastKnownFileType = wrapper.framework; name = Foundation.framework; path = System/Library/Frameworks/Foundation.framework; sourceTree = SDKROOT; };
		DAC2EA57148416BD00249905 /* CoreGraphics.framework */ = {isa = PBXFileReference; lastKnownFileType = wrapper.framework; name = CoreGraphics.framework; path = System/Library/Frameworks/CoreGraphics.framework; sourceTree = SDKROOT; };
		DAC2EA5B148416BD00249905 /* IndoorNavigationAndAdvertising-Info.plist */ = {isa = PBXFileReference; lastKnownFileType = text.plist.xml; path = "IndoorNavigationAndAdvertising-Info.plist"; sourceTree = "<group>"; };
		DAC2EA5D148416BD00249905 /* en */ = {isa = PBXFileReference; lastKnownFileType = text.plist.strings; name = en; path = en.lproj/InfoPlist.strings; sourceTree = "<group>"; };
		DAC2EA5F148416BD00249905 /* main.m */ = {isa = PBXFileReference; lastKnownFileType = sourcecode.c.objc; path = main.m; sourceTree = "<group>"; };
		DAC2EA61148416BD00249905 /* IndoorNavigationAndAdvertising-Prefix.pch */ = {isa = PBXFileReference; lastKnownFileType = sourcecode.c.h; path = "IndoorNavigationAndAdvertising-Prefix.pch"; sourceTree = "<group>"; };
		DAC2EA62148416BD00249905 /* IVAAppDelegate.h */ = {isa = PBXFileReference; lastKnownFileType = sourcecode.c.h; path = IVAAppDelegate.h; sourceTree = "<group>"; };
		DAC2EA63148416BD00249905 /* IVAAppDelegate.m */ = {isa = PBXFileReference; lastKnownFileType = sourcecode.c.objc; path = IVAAppDelegate.m; sourceTree = "<group>"; };
		DAC2EA66148416BD00249905 /* en */ = {isa = PBXFileReference; lastKnownFileType = file.storyboard; name = en; path = en.lproj/MainStoryboard.storyboard; sourceTree = "<group>"; };
		DAC2EA68148416BD00249905 /* IVAViewController.h */ = {isa = PBXFileReference; lastKnownFileType = sourcecode.c.h; path = IVAViewController.h; sourceTree = "<group>"; };
		DAC2EA69148416BD00249905 /* IVAViewController.m */ = {isa = PBXFileReference; lastKnownFileType = sourcecode.c.objc; path = IVAViewController.m; sourceTree = "<group>"; };
		DAC2EA70148416BD00249905 /* IndoorNavigationAndAdvertisingTests.octest */ = {isa = PBXFileReference; explicitFileType = wrapper.cfbundle; includeInIndex = 0; path = IndoorNavigationAndAdvertisingTests.octest; sourceTree = BUILT_PRODUCTS_DIR; };
		DAC2EA71148416BD00249905 /* SenTestingKit.framework */ = {isa = PBXFileReference; lastKnownFileType = wrapper.framework; name = SenTestingKit.framework; path = Library/Frameworks/SenTestingKit.framework; sourceTree = DEVELOPER_DIR; };
		DAC2EA79148416BD00249905 /* IndoorNavigationAndAdvertisingTests-Info.plist */ = {isa = PBXFileReference; lastKnownFileType = text.plist.xml; path = "IndoorNavigationAndAdvertisingTests-Info.plist"; sourceTree = "<group>"; };
		DAC2EA7B148416BD00249905 /* en */ = {isa = PBXFileReference; lastKnownFileType = text.plist.strings; name = en; path = en.lproj/InfoPlist.strings; sourceTree = "<group>"; };
		DAC2EA7D148416BD00249905 /* IndoorNavigationAndAdvertisingTests.h */ = {isa = PBXFileReference; lastKnownFileType = sourcecode.c.h; path = IndoorNavigationAndAdvertisingTests.h; sourceTree = "<group>"; };
		DAC2EA7E148416BD00249905 /* IndoorNavigationAndAdvertisingTests.m */ = {isa = PBXFileReference; lastKnownFileType = sourcecode.c.objc; path = IndoorNavigationAndAdvertisingTests.m; sourceTree = "<group>"; };
/* End PBXFileReference section */

/* Begin PBXFrameworksBuildPhase section */
		DAC2EA4C148416BD00249905 /* Frameworks */ = {
			isa = PBXFrameworksBuildPhase;
			buildActionMask = 2147483647;
			files = (
				DAC2EA54148416BD00249905 /* UIKit.framework in Frameworks */,
				DAC2EA56148416BD00249905 /* Foundation.framework in Frameworks */,
				DAC2EA58148416BD00249905 /* CoreGraphics.framework in Frameworks */,
			);
			runOnlyForDeploymentPostprocessing = 0;
		};
		DAC2EA6C148416BD00249905 /* Frameworks */ = {
			isa = PBXFrameworksBuildPhase;
			buildActionMask = 2147483647;
			files = (
				DAC2EA72148416BD00249905 /* SenTestingKit.framework in Frameworks */,
				DAC2EA73148416BD00249905 /* UIKit.framework in Frameworks */,
				DAC2EA74148416BD00249905 /* Foundation.framework in Frameworks */,
			);
			runOnlyForDeploymentPostprocessing = 0;
		};
/* End PBXFrameworksBuildPhase section */

/* Begin PBXGroup section */
		DAC2EA44148416BD00249905 = {
			isa = PBXGroup;
			children = (
				DAC2EA59148416BD00249905 /* IndoorNavigationAndAdvertising */,
				DAC2EA77148416BD00249905 /* IndoorNavigationAndAdvertisingTests */,
				DAC2EA52148416BD00249905 /* Frameworks */,
				DAC2EA50148416BD00249905 /* Products */,
			);
			sourceTree = "<group>";
		};
		DAC2EA50148416BD00249905 /* Products */ = {
			isa = PBXGroup;
			children = (
				DAC2EA4F148416BD00249905 /* IndoorNavigationAndAdvertising.app */,
				DAC2EA70148416BD00249905 /* IndoorNavigationAndAdvertisingTests.octest */,
			);
			name = Products;
			sourceTree = "<group>";
		};
		DAC2EA52148416BD00249905 /* Frameworks */ = {
			isa = PBXGroup;
			children = (
				DAC2EA53148416BD00249905 /* UIKit.framework */,
				DAC2EA55148416BD00249905 /* Foundation.framework */,
				DAC2EA57148416BD00249905 /* CoreGraphics.framework */,
				DAC2EA71148416BD00249905 /* SenTestingKit.framework */,
			);
			name = Frameworks;
			sourceTree = "<group>";
		};
		DAC2EA59148416BD00249905 /* IndoorNavigationAndAdvertising */ = {
			isa = PBXGroup;
			children = (
				DAC2EA62148416BD00249905 /* IVAAppDelegate.h */,
				DAC2EA63148416BD00249905 /* IVAAppDelegate.m */,
				DAC2EA65148416BD00249905 /* MainStoryboard.storyboard */,
				DAC2EA68148416BD00249905 /* IVAViewController.h */,
				DAC2EA69148416BD00249905 /* IVAViewController.m */,
				DAC2EA5A148416BD00249905 /* Supporting Files */,
			);
			path = IndoorNavigationAndAdvertising;
			sourceTree = "<group>";
		};
		DAC2EA5A148416BD00249905 /* Supporting Files */ = {
			isa = PBXGroup;
			children = (
				DAC2EA5B148416BD00249905 /* IndoorNavigationAndAdvertising-Info.plist */,
				DAC2EA5C148416BD00249905 /* InfoPlist.strings */,
				DAC2EA5F148416BD00249905 /* main.m */,
				DAC2EA61148416BD00249905 /* IndoorNavigationAndAdvertising-Prefix.pch */,
			);
			name = "Supporting Files";
			sourceTree = "<group>";
		};
		DAC2EA77148416BD00249905 /* IndoorNavigationAndAdvertisingTests */ = {
			isa = PBXGroup;
			children = (
				DAC2EA7D148416BD00249905 /* IndoorNavigationAndAdvertisingTests.h */,
				DAC2EA7E148416BD00249905 /* IndoorNavigationAndAdvertisingTests.m */,
				DAC2EA78148416BD00249905 /* Supporting Files */,
			);
			path = IndoorNavigationAndAdvertisingTests;
			sourceTree = "<group>";
		};
		DAC2EA78148416BD00249905 /* Supporting Files */ = {
			isa = PBXGroup;
			children = (
				DAC2EA79148416BD00249905 /* IndoorNavigationAndAdvertisingTests-Info.plist */,
				DAC2EA7A148416BD00249905 /* InfoPlist.strings */,
			);
			name = "Supporting Files";
			sourceTree = "<group>";
		};
/* End PBXGroup section */

/* Begin PBXNativeTarget section */
		DAC2EA4E148416BD00249905 /* IndoorNavigationAndAdvertising */ = {
			isa = PBXNativeTarget;
			buildConfigurationList = DAC2EA82148416BD00249905 /* Build configuration list for PBXNativeTarget "IndoorNavigationAndAdvertising" */;
			buildPhases = (
				DAC2EA4B148416BD00249905 /* Sources */,
				DAC2EA4C148416BD00249905 /* Frameworks */,
				DAC2EA4D148416BD00249905 /* Resources */,
			);
			buildRules = (
			);
			dependencies = (
			);
			name = IndoorNavigationAndAdvertising;
			productName = IndoorNavigationAndAdvertising;
			productReference = DAC2EA4F148416BD00249905 /* IndoorNavigationAndAdvertising.app */;
			productType = "com.apple.product-type.application";
		};
		DAC2EA6F148416BD00249905 /* IndoorNavigationAndAdvertisingTests */ = {
			isa = PBXNativeTarget;
			buildConfigurationList = DAC2EA85148416BD00249905 /* Build configuration list for PBXNativeTarget "IndoorNavigationAndAdvertisingTests" */;
			buildPhases = (
				DAC2EA6B148416BD00249905 /* Sources */,
				DAC2EA6C148416BD00249905 /* Frameworks */,
				DAC2EA6D148416BD00249905 /* Resources */,
				DAC2EA6E148416BD00249905 /* ShellScript */,
			);
			buildRules = (
			);
			dependencies = (
				DAC2EA76148416BD00249905 /* PBXTargetDependency */,
			);
			name = IndoorNavigationAndAdvertisingTests;
			productName = IndoorNavigationAndAdvertisingTests;
			productReference = DAC2EA70148416BD00249905 /* IndoorNavigationAndAdvertisingTests.octest */;
			productType = "com.apple.product-type.bundle";
		};
/* End PBXNativeTarget section */

/* Begin PBXProject section */
		DAC2EA46148416BD00249905 /* Project object */ = {
			isa = PBXProject;
			attributes = {
				LastUpgradeCheck = 0420;
				ORGANIZATIONNAME = "iBox UCSC";
			};
			buildConfigurationList = DAC2EA49148416BD00249905 /* Build configuration list for PBXProject "IndoorNavigationAndAdvertising" */;
			compatibilityVersion = "Xcode 3.2";
			developmentRegion = English;
			hasScannedForEncodings = 0;
			knownRegions = (
				en,
			);
			mainGroup = DAC2EA44148416BD00249905;
			productRefGroup = DAC2EA50148416BD00249905 /* Products */;
			projectDirPath = "";
			projectRoot = "";
			targets = (
				DAC2EA4E148416BD00249905 /* IndoorNavigationAndAdvertising */,
				DAC2EA6F148416BD00249905 /* IndoorNavigationAndAdvertisingTests */,
			);
		};
/* End PBXProject section */

/* Begin PBXResourcesBuildPhase section */
		DAC2EA4D148416BD00249905 /* Resources */ = {
			isa = PBXResourcesBuildPhase;
			buildActionMask = 2147483647;
			files = (
				DAC2EA5E148416BD00249905 /* InfoPlist.strings in Resources */,
				DAC2EA67148416BD00249905 /* MainStoryboard.storyboard in Resources */,
			);
			runOnlyForDeploymentPostprocessing = 0;
		};
		DAC2EA6D148416BD00249905 /* Resources */ = {
			isa = PBXResourcesBuildPhase;
			buildActionMask = 2147483647;
			files = (
				DAC2EA7C148416BD00249905 /* InfoPlist.strings in Resources */,
			);
			runOnlyForDeploymentPostprocessing = 0;
		};
/* End PBXResourcesBuildPhase section */

/* Begin PBXShellScriptBuildPhase section */
		DAC2EA6E148416BD00249905 /* ShellScript */ = {
			isa = PBXShellScriptBuildPhase;
			buildActionMask = 2147483647;
			files = (
			);
			inputPaths = (
			);
			outputPaths = (
			);
			runOnlyForDeploymentPostprocessing = 0;
			shellPath = /bin/sh;
			shellScript = "# Run the unit tests in this test bundle.\n\"${SYSTEM_DEVELOPER_DIR}/Tools/RunUnitTests\"\n";
		};
/* End PBXShellScriptBuildPhase section */

/* Begin PBXSourcesBuildPhase section */
		DAC2EA4B148416BD00249905 /* Sources */ = {
			isa = PBXSourcesBuildPhase;
			buildActionMask = 2147483647;
			files = (
				DAC2EA60148416BD00249905 /* main.m in Sources */,
				DAC2EA64148416BD00249905 /* IVAAppDelegate.m in Sources */,
				DAC2EA6A148416BD00249905 /* IVAViewController.m in Sources */,
			);
			runOnlyForDeploymentPostprocessing = 0;
		};
		DAC2EA6B148416BD00249905 /* Sources */ = {
			isa = PBXSourcesBuildPhase;
			buildActionMask = 2147483647;
			files = (
				DAC2EA7F148416BD00249905 /* IndoorNavigationAndAdvertisingTests.m in Sources */,
			);
			runOnlyForDeploymentPostprocessing = 0;
		};
/* End PBXSourcesBuildPhase section */

/* Begin PBXTargetDependency section */
		DAC2EA76148416BD00249905 /* PBXTargetDependency */ = {
			isa = PBXTargetDependency;
			target = DAC2EA4E148416BD00249905 /* IndoorNavigationAndAdvertising */;
			targetProxy = DAC2EA75148416BD00249905 /* PBXContainerItemProxy */;
		};
/* End PBXTargetDependency section */

/* Begin PBXVariantGroup section */
		DAC2EA5C148416BD00249905 /* InfoPlist.strings */ = {
			isa = PBXVariantGroup;
			children = (
				DAC2EA5D148416BD00249905 /* en */,
			);
			name = InfoPlist.strings;
			sourceTree = "<group>";
		};
		DAC2EA65148416BD00249905 /* MainStoryboard.storyboard */ = {
			isa = PBXVariantGroup;
			children = (
				DAC2EA66148416BD00249905 /* en */,
			);
			name = MainStoryboard.storyboard;
			sourceTree = "<group>";
		};
		DAC2EA7A148416BD00249905 /* InfoPlist.strings */ = {
			isa = PBXVariantGroup;
			children = (
				DAC2EA7B148416BD00249905 /* en */,
			);
			name = InfoPlist.strings;
			sourceTree = "<group>";
		};
/* End PBXVariantGroup section */

/* Begin XCBuildConfiguration section */
		DAC2EA80148416BD00249905 /* Debug */ = {
			isa = XCBuildConfiguration;
			buildSettings = {
				ALWAYS_SEARCH_USER_PATHS = NO;
				ARCHS = "$(ARCHS_STANDARD_32_BIT)";
				CLANG_ENABLE_OBJC_ARC = YES;
				"CODE_SIGN_IDENTITY[sdk=iphoneos*]" = "iPhone Developer";
				COPY_PHASE_STRIP = NO;
				GCC_C_LANGUAGE_STANDARD = gnu99;
				GCC_DYNAMIC_NO_PIC = NO;
				GCC_OPTIMIZATION_LEVEL = 0;
				GCC_PREPROCESSOR_DEFINITIONS = (
					"DEBUG=1",
					"$(inherited)",
				);
				GCC_SYMBOLS_PRIVATE_EXTERN = NO;
				GCC_VERSION = com.apple.compilers.llvm.clang.1_0;
				GCC_WARN_ABOUT_MISSING_PROTOTYPES = YES;
				GCC_WARN_ABOUT_RETURN_TYPE = YES;
				GCC_WARN_UNUSED_VARIABLE = YES;
				IPHONEOS_DEPLOYMENT_TARGET = 5.0;
				SDKROOT = iphoneos;
			};
			name = Debug;
		};
		DAC2EA81148416BD00249905 /* Release */ = {
			isa = XCBuildConfiguration;
			buildSettings = {
				ALWAYS_SEARCH_USER_PATHS = NO;
				ARCHS = "$(ARCHS_STANDARD_32_BIT)";
				CLANG_ENABLE_OBJC_ARC = YES;
				"CODE_SIGN_IDENTITY[sdk=iphoneos*]" = "iPhone Developer";
				COPY_PHASE_STRIP = YES;
				GCC_C_LANGUAGE_STANDARD = gnu99;
				GCC_VERSION = com.apple.compilers.llvm.clang.1_0;
				GCC_WARN_ABOUT_MISSING_PROTOTYPES = YES;
				GCC_WARN_ABOUT_RETURN_TYPE = YES;
				GCC_WARN_UNUSED_VARIABLE = YES;
				IPHONEOS_DEPLOYMENT_TARGET = 5.0;
				OTHER_CFLAGS = "-DNS_BLOCK_ASSERTIONS=1";
				SDKROOT = iphoneos;
				VALIDATE_PRODUCT = YES;
			};
			name = Release;
		};
		DAC2EA83148416BD00249905 /* Debug */ = {
			isa = XCBuildConfiguration;
			buildSettings = {
				GCC_PRECOMPILE_PREFIX_HEADER = YES;
				GCC_PREFIX_HEADER = "IndoorNavigationAndAdvertising/IndoorNavigationAndAdvertising-Prefix.pch";
				INFOPLIST_FILE = "IndoorNavigationAndAdvertising/IndoorNavigationAndAdvertising-Info.plist";
				PRODUCT_NAME = "$(TARGET_NAME)";
				WRAPPER_EXTENSION = app;
			};
			name = Debug;
		};
		DAC2EA84148416BD00249905 /* Release */ = {
			isa = XCBuildConfiguration;
			buildSettings = {
				GCC_PRECOMPILE_PREFIX_HEADER = YES;
				GCC_PREFIX_HEADER = "IndoorNavigationAndAdvertising/IndoorNavigationAndAdvertising-Prefix.pch";
				INFOPLIST_FILE = "IndoorNavigationAndAdvertising/IndoorNavigationAndAdvertising-Info.plist";
				PRODUCT_NAME = "$(TARGET_NAME)";
				WRAPPER_EXTENSION = app;
			};
			name = Release;
		};
		DAC2EA86148416BD00249905 /* Debug */ = {
			isa = XCBuildConfiguration;
			buildSettings = {
				BUNDLE_LOADER = "$(BUILT_PRODUCTS_DIR)/IndoorNavigationAndAdvertising.app/IndoorNavigationAndAdvertising";
				FRAMEWORK_SEARCH_PATHS = (
					"$(SDKROOT)/Developer/Library/Frameworks",
					"$(DEVELOPER_LIBRARY_DIR)/Frameworks",
				);
				GCC_PRECOMPILE_PREFIX_HEADER = YES;
				GCC_PREFIX_HEADER = "IndoorNavigationAndAdvertising/IndoorNavigationAndAdvertising-Prefix.pch";
				INFOPLIST_FILE = "IndoorNavigationAndAdvertisingTests/IndoorNavigationAndAdvertisingTests-Info.plist";
				PRODUCT_NAME = "$(TARGET_NAME)";
				TEST_HOST = "$(BUNDLE_LOADER)";
				WRAPPER_EXTENSION = octest;
			};
			name = Debug;
		};
		DAC2EA87148416BD00249905 /* Release */ = {
			isa = XCBuildConfiguration;
			buildSettings = {
				BUNDLE_LOADER = "$(BUILT_PRODUCTS_DIR)/IndoorNavigationAndAdvertising.app/IndoorNavigationAndAdvertising";
				FRAMEWORK_SEARCH_PATHS = (
					"$(SDKROOT)/Developer/Library/Frameworks",
					"$(DEVELOPER_LIBRARY_DIR)/Frameworks",
				);
				GCC_PRECOMPILE_PREFIX_HEADER = YES;
				GCC_PREFIX_HEADER = "IndoorNavigationAndAdvertising/IndoorNavigationAndAdvertising-Prefix.pch";
				INFOPLIST_FILE = "IndoorNavigationAndAdvertisingTests/IndoorNavigationAndAdvertisingTests-Info.plist";
				PRODUCT_NAME = "$(TARGET_NAME)";
				TEST_HOST = "$(BUNDLE_LOADER)";
				WRAPPER_EXTENSION = octest;
			};
			name = Release;
		};
/* End XCBuildConfiguration section */

/* Begin XCConfigurationList section */
		DAC2EA49148416BD00249905 /* Build configuration list for PBXProject "IndoorNavigationAndAdvertising" */ = {
			isa = XCConfigurationList;
			buildConfigurations = (
				DAC2EA80148416BD00249905 /* Debug */,
				DAC2EA81148416BD00249905 /* Release */,
			);
			defaultConfigurationIsVisible = 0;
			defaultConfigurationName = Release;
		};
		DAC2EA82148416BD00249905 /* Build configuration list for PBXNativeTarget "IndoorNavigationAndAdvertising" */ = {
			isa = XCConfigurationList;
			buildConfigurations = (
				DAC2EA83148416BD00249905 /* Debug */,
				DAC2EA84148416BD00249905 /* Release */,
			);
			defaultConfigurationIsVisible = 0;
		};
		DAC2EA85148416BD00249905 /* Build configuration list for PBXNativeTarget "IndoorNavigationAndAdvertisingTests" */ = {
			isa = XCConfigurationList;
			buildConfigurations = (
				DAC2EA86148416BD00249905 /* Debug */,
				DAC2EA87148416BD00249905 /* Release */,
			);
			defaultConfigurationIsVisible = 0;
		};
/* End XCConfigurationList section */
	};
	rootObject = DAC2EA46148416BD00249905 /* Project object */;
}
